Microsoft Visual Studio Solution File, Format Version 12.00
Project("{FAE04EC0-301F-11D3-BF4B-00C04F79EFBC}") = "Exam.Services", "src\Services\Exam\Exam.Services\Exam.Services.csproj", "{A9721F27-E06A-47DF-81C4-E4312D95AA1C}"
EndProject
Project("{FAE04EC0-301F-11D3-BF4B-00C04F79EFBC}") = "Exam.Repositories", "src\Services\Exam\Exam.Repositories\Exam.Repositories.csproj", "{72F71419-F16E-43E1-842B-18BC5E146429}"
EndProject
Project("{FAE04EC0-301F-11D3-BF4B-00C04F79EFBC}") = "Exam.API", "src\Services\Exam\Exam.API\Exam.API.csproj", "{BB674791-AE08-4355-BEAE-FEE093E241F5}"
EndProject
Project("{FAE04EC0-301F-11D3-BF4B-00C04F79EFBC}") = "Exam.Domain", "src\Services\Exam\Exam.Domain\Exam.Domain.csproj", "{BB904A11-07B8-4992-9478-A29CB4634CBC}"
EndProject
Project("{2150E333-8FDC-42A3-9474-1A3956D46DE8}") = "Solution Items", "Solution Items", "{7853929E-7641-4D42-8349-BB6209256017}"
	ProjectSection(SolutionItems) = preProject
		docker-compose.yaml = docker-compose.yaml
	EndProjectSection
EndProject
Project("{2150E333-8FDC-42A3-9474-1A3956D46DE8}") = "src", "src", "{87F60FE9-6A6F-4B16-9267-5223B465785C}"
EndProject
Project("{2150E333-8FDC-42A3-9474-1A3956D46DE8}") = "Services", "Services", "{39C8420B-E578-44AF-B3AF-5185A17E7A96}"
EndProject
Project("{2150E333-8FDC-42A3-9474-1A3956D46DE8}") = "Exam", "Exam", "{75E4E0A4-EA13-4C04-B449-A8E8B72A7BEC}"
EndProject
Project("{FAE04EC0-301F-11D3-BF4B-00C04F79EFBC}") = "Domain", "src\BuildingBlocks\Domain\Domain.csproj", "{1C65E898-E6D1-4F1F-BC79-600E3565F336}"
EndProject
Project("{2150E333-8FDC-42A3-9474-1A3956D46DE8}") = "BuildingBlocks", "BuildingBlocks", "{02601161-8808-42D8-9E92-963CF668AF6E}"
EndProject
Project("{2150E333-8FDC-42A3-9474-1A3956D46DE8}") = "Domain", "Domain", "{E214D74F-6209-48F2-9692-47179E31EF3E}"
EndProject
Global
	GlobalSection(SolutionConfigurationPlatforms) = preSolution
		Debug|Any CPU = Debug|Any CPU
		Release|Any CPU = Release|Any CPU
	EndGlobalSection
	GlobalSection(ProjectConfigurationPlatforms) = postSolution
		{A9721F27-E06A-47DF-81C4-E4312D95AA1C}.Debug|Any CPU.ActiveCfg = Debug|Any CPU
		{A9721F27-E06A-47DF-81C4-E4312D95AA1C}.Debug|Any CPU.Build.0 = Debug|Any CPU
		{A9721F27-E06A-47DF-81C4-E4312D95AA1C}.Release|Any CPU.ActiveCfg = Release|Any CPU
		{A9721F27-E06A-47DF-81C4-E4312D95AA1C}.Release|Any CPU.Build.0 = Release|Any CPU
		{72F71419-F16E-43E1-842B-18BC5E146429}.Debug|Any CPU.ActiveCfg = Debug|Any CPU
		{72F71419-F16E-43E1-842B-18BC5E146429}.Debug|Any CPU.Build.0 = Debug|Any CPU
		{72F71419-F16E-43E1-842B-18BC5E146429}.Release|Any CPU.ActiveCfg = Release|Any CPU
		{72F71419-F16E-43E1-842B-18BC5E146429}.Release|Any CPU.Build.0 = Release|Any CPU
		{BB674791-AE08-4355-BEAE-FEE093E241F5}.Debug|Any CPU.ActiveCfg = Debug|Any CPU
		{BB674791-AE08-4355-BEAE-FEE093E241F5}.Debug|Any CPU.Build.0 = Debug|Any CPU
		{BB674791-AE08-4355-BEAE-FEE093E241F5}.Release|Any CPU.ActiveCfg = Release|Any CPU
		{BB674791-AE08-4355-BEAE-FEE093E241F5}.Release|Any CPU.Build.0 = Release|Any CPU
		{BB904A11-07B8-4992-9478-A29CB4634CBC}.Debug|Any CPU.ActiveCfg = Debug|Any CPU
		{BB904A11-07B8-4992-9478-A29CB4634CBC}.Debug|Any CPU.Build.0 = Debug|Any CPU
		{BB904A11-07B8-4992-9478-A29CB4634CBC}.Release|Any CPU.ActiveCfg = Release|Any CPU
		{BB904A11-07B8-4992-9478-A29CB4634CBC}.Release|Any CPU.Build.0 = Release|Any CPU
		{1C65E898-E6D1-4F1F-BC79-600E3565F336}.Debug|Any CPU.ActiveCfg = Debug|Any CPU
		{1C65E898-E6D1-4F1F-BC79-600E3565F336}.Debug|Any CPU.Build.0 = Debug|Any CPU
		{1C65E898-E6D1-4F1F-BC79-600E3565F336}.Release|Any CPU.ActiveCfg = Release|Any CPU
		{1C65E898-E6D1-4F1F-BC79-600E3565F336}.Release|Any CPU.Build.0 = Release|Any CPU
	EndGlobalSection
	GlobalSection(SolutionProperties) = preSolution
		HideSolutionNode = FALSE
		StartupProject = Exam.API
	EndGlobalSection
	GlobalSection(NestedProjects) = preSolution
		{39C8420B-E578-44AF-B3AF-5185A17E7A96} = {87F60FE9-6A6F-4B16-9267-5223B465785C}
		{75E4E0A4-EA13-4C04-B449-A8E8B72A7BEC} = {39C8420B-E578-44AF-B3AF-5185A17E7A96}
		{BB674791-AE08-4355-BEAE-FEE093E241F5} = {75E4E0A4-EA13-4C04-B449-A8E8B72A7BEC}
		{BB904A11-07B8-4992-9478-A29CB4634CBC} = {75E4E0A4-EA13-4C04-B449-A8E8B72A7BEC}
		{72F71419-F16E-43E1-842B-18BC5E146429} = {75E4E0A4-EA13-4C04-B449-A8E8B72A7BEC}
		{A9721F27-E06A-47DF-81C4-E4312D95AA1C} = {75E4E0A4-EA13-4C04-B449-A8E8B72A7BEC}
		{02601161-8808-42D8-9E92-963CF668AF6E} = {87F60FE9-6A6F-4B16-9267-5223B465785C}
		{E214D74F-6209-48F2-9692-47179E31EF3E} = {02601161-8808-42D8-9E92-963CF668AF6E}
		{1C65E898-E6D1-4F1F-BC79-600E3565F336} = {E214D74F-6209-48F2-9692-47179E31EF3E}
	EndGlobalSection
EndGlobal
